
Microsoft Visual Studio Solution File, Format Version 12.00
# Visual Studio 15
VisualStudioVersion = 15.0.26730.12
MinimumVisualStudioVersion = 10.0.40219.1
Project("{FAE04EC0-301F-11D3-BF4B-00C04F79EFBC}") = "WindowsFormsApp1", "WindowsFormsApp1\WindowsFormsApp1.csproj", "{AF58B674-D871-4717-B390-998C13D8AE2C}"
EndProject
Global
	GlobalSection(SolutionConfigurationPlatforms) = preSolution
		Debug|Any CPU = Debug|Any CPU
		Release|Any CPU = Release|Any CPU
	EndGlobalSection
	GlobalSection(ProjectConfigurationPlatforms) = postSolution
		{AF58B674-D871-4717-B390-998C13D8AE2C}.Debug|Any CPU.ActiveCfg = Debug|Any CPU
		{AF58B674-D871-4717-B390-998C13D8AE2C}.Debug|Any CPU.Build.0 = Debug|Any CPU
		{AF58B674-D871-4717-B390-998C13D8AE2C}.Release|Any CPU.ActiveCfg = Release|Any CPU
		{AF58B674-D871-4717-B390-998C13D8AE2C}.Release|Any CPU.Build.0 = Release|Any CPU
	EndGlobalSection
	GlobalSection(SolutionProperties) = preSolution
		HideSolutionNode = FALSE
	EndGlobalSection
	GlobalSection(ExtensibilityGlobals) = postSolution
		SolutionGuid = {FBAD3E77-D52F-4A10-BB07-88835A183EDD}
	EndGlobalSection
EndGlobal
