
Microsoft Visual Studio Solution File, Format Version 12.00
# Visual Studio 15
VisualStudioVersion = 15.0.26730.12
MinimumVisualStudioVersion = 10.0.40219.1
Project("{FAE04EC0-301F-11D3-BF4B-00C04F79EFBC}") = "WindowsFormsApp1", "WindowsFormsApp1\WindowsFormsApp1.csproj", "{64809D0E-813A-4ABD-94F0-BF4FF59B847C}"
EndProject
Project("{FAE04EC0-301F-11D3-BF4B-00C04F79EFBC}") = "ClassLibrary1", "ClassLibrary1\ClassLibrary1.csproj", "{BA3BB763-E1C1-44BD-B41B-56193440599B}"
EndProject
Global
	GlobalSection(SolutionConfigurationPlatforms) = preSolution
		Debug|Any CPU = Debug|Any CPU
		Release|Any CPU = Release|Any CPU
	EndGlobalSection
	GlobalSection(ProjectConfigurationPlatforms) = postSolution
		{64809D0E-813A-4ABD-94F0-BF4FF59B847C}.Debug|Any CPU.ActiveCfg = Debug|Any CPU
		{64809D0E-813A-4ABD-94F0-BF4FF59B847C}.Debug|Any CPU.Build.0 = Debug|Any CPU
		{64809D0E-813A-4ABD-94F0-BF4FF59B847C}.Release|Any CPU.ActiveCfg = Release|Any CPU
		{64809D0E-813A-4ABD-94F0-BF4FF59B847C}.Release|Any CPU.Build.0 = Release|Any CPU
		{BA3BB763-E1C1-44BD-B41B-56193440599B}.Debug|Any CPU.ActiveCfg = Debug|Any CPU
		{BA3BB763-E1C1-44BD-B41B-56193440599B}.Debug|Any CPU.Build.0 = Debug|Any CPU
		{BA3BB763-E1C1-44BD-B41B-56193440599B}.Release|Any CPU.ActiveCfg = Release|Any CPU
		{BA3BB763-E1C1-44BD-B41B-56193440599B}.Release|Any CPU.Build.0 = Release|Any CPU
	EndGlobalSection
	GlobalSection(SolutionProperties) = preSolution
		HideSolutionNode = FALSE
	EndGlobalSection
	GlobalSection(ExtensibilityGlobals) = postSolution
		SolutionGuid = {A8F6A3F8-CC81-4034-A8D6-57F88C60854F}
	EndGlobalSection
EndGlobal
