
Microsoft Visual Studio Solution File, Format Version 12.00
# Visual Studio 15
VisualStudioVersion = 15.0.26730.12
MinimumVisualStudioVersion = 10.0.40219.1
Project("{FAE04EC0-301F-11D3-BF4B-00C04F79EFBC}") = "WindowsFormsApp2", "WindowsFormsApp2\WindowsFormsApp2.csproj", "{C25AD9BB-8F46-4373-8933-8B93AA4B9B00}"
EndProject
Global
	GlobalSection(SolutionConfigurationPlatforms) = preSolution
		Debug|Any CPU = Debug|Any CPU
		Release|Any CPU = Release|Any CPU
	EndGlobalSection
	GlobalSection(ProjectConfigurationPlatforms) = postSolution
		{C25AD9BB-8F46-4373-8933-8B93AA4B9B00}.Debug|Any CPU.ActiveCfg = Debug|Any CPU
		{C25AD9BB-8F46-4373-8933-8B93AA4B9B00}.Debug|Any CPU.Build.0 = Debug|Any CPU
		{C25AD9BB-8F46-4373-8933-8B93AA4B9B00}.Release|Any CPU.ActiveCfg = Release|Any CPU
		{C25AD9BB-8F46-4373-8933-8B93AA4B9B00}.Release|Any CPU.Build.0 = Release|Any CPU
	EndGlobalSection
	GlobalSection(SolutionProperties) = preSolution
		HideSolutionNode = FALSE
	EndGlobalSection
	GlobalSection(ExtensibilityGlobals) = postSolution
		SolutionGuid = {EDCD935D-7A0E-4B1C-BFD0-A5B0CAFBA4E0}
	EndGlobalSection
EndGlobal
